
Microsoft Visual Studio Solution File, Format Version 12.00
# Visual Studio 15
VisualStudioVersion = 15.0.28307.168
MinimumVisualStudioVersion = 10.0.40219.1
Project("{FAE04EC0-301F-11D3-BF4B-00C04F79EFBC}") = "ProRedisCaching", "ProRedisCaching\ProRedisCaching.csproj", "{B9D5D783-8BCC-40F4-853A-8D489AA0804D}"
EndProject
Global
	GlobalSection(SolutionConfigurationPlatforms) = preSolution
		Debug|Any CPU = Debug|Any CPU
		Release|Any CPU = Release|Any CPU
	EndGlobalSection
	GlobalSection(ProjectConfigurationPlatforms) = postSolution
		{B9D5D783-8BCC-40F4-853A-8D489AA0804D}.Debug|Any CPU.ActiveCfg = Debug|Any CPU
		{B9D5D783-8BCC-40F4-853A-8D489AA0804D}.Debug|Any CPU.Build.0 = Debug|Any CPU
		{B9D5D783-8BCC-40F4-853A-8D489AA0804D}.Release|Any CPU.ActiveCfg = Release|Any CPU
		{B9D5D783-8BCC-40F4-853A-8D489AA0804D}.Release|Any CPU.Build.0 = Release|Any CPU
	EndGlobalSection
	GlobalSection(SolutionProperties) = preSolution
		HideSolutionNode = FALSE
	EndGlobalSection
	GlobalSection(ExtensibilityGlobals) = postSolution
		SolutionGuid = {DB5823E9-13A0-4F75-823D-89CC659585B6}
	EndGlobalSection
EndGlobal
